{
  "nodes": {
    "flake-parts": {
      "inputs": {
        "nixpkgs-lib": [
          "nixpkgs"
        ]
      },
      "locked": {
        "lastModified": 1749398372,
        "narHash": "sha256-tYBdgS56eXYaWVW3fsnPQ/nFlgWi/Z2Ymhyu21zVM98=",
        "owner": "hercules-ci",
        "repo": "flake-parts",
        "rev": "9305fe4e5c2a6fcf5ba6a3ff155720fbe4076569",
        "type": "github"
      },
      "original": {
        "owner": "hercules-ci",
        "repo": "flake-parts",
        "type": "github"
      }
    },
    "kernel-config-options": {
      "flake": false,
      "locked": {
        "lastModified": 1742722360,
        "narHash": "sha256-663xN2W8xusdip3eQUoP7otCRqx+cg+Ny8Hdlwz33k8=",
        "owner": "hexdump0815",
        "repo": "kernel-config-options",
        "rev": "66ac080b6416ebb370530715acce9310263700ec",
        "type": "github"
      },
      "original": {
        "owner": "hexdump0815",
        "repo": "kernel-config-options",
        "type": "github"
      }
    },
    "kernel-extra-patches": {
      "flake": false,
      "locked": {
        "lastModified": 1749237558,
        "narHash": "sha256-VQGCckuc7/QCZ3Wj63Im5qSe8krrZrLC86QnAJno5AY=",
        "owner": "hexdump0815",
        "repo": "kernel-extra-patches",
        "rev": "c90f14940bdc00eacbf5c6b5a49783d3f47e3f33",
        "type": "github"
      },
      "original": {
        "owner": "hexdump0815",
        "repo": "kernel-extra-patches",
        "type": "github"
      }
    },
    "mt81xx-kernel": {
      "flake": false,
      "locked": {
        "lastModified": 1747898114,
        "narHash": "sha256-a3lwNwPYOGnW6MDpeAnA2o0RMrmG12m3evGdWMvYue4=",
        "owner": "hexdump0815",
        "repo": "linux-mainline-mediatek-mt81xx-kernel",
        "rev": "a1662da2fbef3b3f00f42835f7162d2d0d852541",
        "type": "github"
      },
      "original": {
        "owner": "hexdump0815",
        "repo": "linux-mainline-mediatek-mt81xx-kernel",
        "type": "github"
      }
    },
    "nixpkgs": {
      "locked": {
        "lastModified": 1749794982,
        "narHash": "sha256-Kh9K4taXbVuaLC0IL+9HcfvxsSUx8dPB5s5weJcc9pc=",
        "owner": "nixos",
        "repo": "nixpkgs",
        "rev": "ee930f9755f58096ac6e8ca94a1887e0534e2d81",
        "type": "github"
      },
      "original": {
        "owner": "nixos",
        "ref": "nixos-unstable",
        "repo": "nixpkgs",
        "type": "github"
      }
    },
    "root": {
      "inputs": {
        "flake-parts": "flake-parts",
        "kernel-config-options": "kernel-config-options",
        "kernel-extra-patches": "kernel-extra-patches",
        "mt81xx-kernel": "mt81xx-kernel",
        "nixpkgs": "nixpkgs"
      }
    }
  },
  "root": "root",
  "version": 7
}
